
Microsoft Visual Studio Solution File, Format Version 12.00
# Visual Studio 15
VisualStudioVersion = 15.0.28307.645
MinimumVisualStudioVersion = 10.0.40219.1
Project("{FAE04EC0-301F-11D3-BF4B-00C04F79EFBC}") = "LV5", "LV5\LV5.csproj", "{1EF238DA-393B-4944-BA36-A4A25CE4A5FC}"
EndProject
Global
	GlobalSection(SolutionConfigurationPlatforms) = preSolution
		Debug|Any CPU = Debug|Any CPU
		Release|Any CPU = Release|Any CPU
	EndGlobalSection
	GlobalSection(ProjectConfigurationPlatforms) = postSolution
		{1EF238DA-393B-4944-BA36-A4A25CE4A5FC}.Debug|Any CPU.ActiveCfg = Debug|Any CPU
		{1EF238DA-393B-4944-BA36-A4A25CE4A5FC}.Debug|Any CPU.Build.0 = Debug|Any CPU
		{1EF238DA-393B-4944-BA36-A4A25CE4A5FC}.Release|Any CPU.ActiveCfg = Release|Any CPU
		{1EF238DA-393B-4944-BA36-A4A25CE4A5FC}.Release|Any CPU.Build.0 = Release|Any CPU
	EndGlobalSection
	GlobalSection(SolutionProperties) = preSolution
		HideSolutionNode = FALSE
	EndGlobalSection
	GlobalSection(ExtensibilityGlobals) = postSolution
		SolutionGuid = {F3727ADC-0EF5-4C0E-BCE9-D35986EB3760}
	EndGlobalSection
EndGlobal
